
Microsoft Visual Studio Solution File, Format Version 12.00
# Visual Studio 15
VisualStudioVersion = 15.0.28307.489
MinimumVisualStudioVersion = 10.0.40219.1
Project("{FAE04EC0-301F-11D3-BF4B-00C04F79EFBC}") = "PopisProcesa", "PopisProcesa\PopisProcesa.csproj", "{96577296-6D99-4863-A0FA-AF6E1A80497B}"
EndProject
Project("{FAE04EC0-301F-11D3-BF4B-00C04F79EFBC}") = "DrugoRj", "DrugoRj\DrugoRj.csproj", "{6E59F49F-74EC-495A-810D-02F560808783}"
EndProject
Global
	GlobalSection(SolutionConfigurationPlatforms) = preSolution
		Debug|Any CPU = Debug|Any CPU
		Release|Any CPU = Release|Any CPU
	EndGlobalSection
	GlobalSection(ProjectConfigurationPlatforms) = postSolution
		{96577296-6D99-4863-A0FA-AF6E1A80497B}.Debug|Any CPU.ActiveCfg = Debug|Any CPU
		{96577296-6D99-4863-A0FA-AF6E1A80497B}.Debug|Any CPU.Build.0 = Debug|Any CPU
		{96577296-6D99-4863-A0FA-AF6E1A80497B}.Release|Any CPU.ActiveCfg = Release|Any CPU
		{96577296-6D99-4863-A0FA-AF6E1A80497B}.Release|Any CPU.Build.0 = Release|Any CPU
		{6E59F49F-74EC-495A-810D-02F560808783}.Debug|Any CPU.ActiveCfg = Debug|Any CPU
		{6E59F49F-74EC-495A-810D-02F560808783}.Debug|Any CPU.Build.0 = Debug|Any CPU
		{6E59F49F-74EC-495A-810D-02F560808783}.Release|Any CPU.ActiveCfg = Release|Any CPU
		{6E59F49F-74EC-495A-810D-02F560808783}.Release|Any CPU.Build.0 = Release|Any CPU
	EndGlobalSection
	GlobalSection(SolutionProperties) = preSolution
		HideSolutionNode = FALSE
	EndGlobalSection
	GlobalSection(ExtensibilityGlobals) = postSolution
		SolutionGuid = {FAA8E5BD-CD10-4474-8035-F300C5609E73}
	EndGlobalSection
EndGlobal
